
Microsoft Visual Studio Solution File, Format Version 12.00
# Visual Studio Version 16
VisualStudioVersion = 16.0.810.7
MinimumVisualStudioVersion = 10.0.40219.1
Project("{FAE04EC0-301F-11D3-BF4B-00C04F79EFBC}") = "WorkingWithWebview.Android", "WorkingWithWebview.Android.csproj", "{7AA328E0-970B-46E9-933A-7F15AEA0BB12}"
EndProject
Global
	GlobalSection(SolutionConfigurationPlatforms) = preSolution
		Debug|Any CPU = Debug|Any CPU
		Release|Any CPU = Release|Any CPU
	EndGlobalSection
	GlobalSection(ProjectConfigurationPlatforms) = postSolution
		{7AA328E0-970B-46E9-933A-7F15AEA0BB12}.Debug|Any CPU.ActiveCfg = Debug|Any CPU
		{7AA328E0-970B-46E9-933A-7F15AEA0BB12}.Debug|Any CPU.Build.0 = Debug|Any CPU
		{7AA328E0-970B-46E9-933A-7F15AEA0BB12}.Release|Any CPU.ActiveCfg = Release|Any CPU
		{7AA328E0-970B-46E9-933A-7F15AEA0BB12}.Release|Any CPU.Build.0 = Release|Any CPU
	EndGlobalSection
	GlobalSection(SolutionProperties) = preSolution
		HideSolutionNode = FALSE
	EndGlobalSection
	GlobalSection(ExtensibilityGlobals) = postSolution
		SolutionGuid = {E1EF9F04-31CE-452D-B25C-6EEA87958233}
	EndGlobalSection
EndGlobal
